
Microsoft Visual Studio Solution File, Format Version 12.00
# Visual Studio Version 17
VisualStudioVersion = 17.6.33723.286
MinimumVisualStudioVersion = 10.0.40219.1
Project("{9A19103F-16F7-4668-BE54-9A1E7A4F7556}") = "DbManager", "DbManager\DbManager.csproj", "{28752E10-3680-450D-9336-51AB92DA3898}"
EndProject
Project("{2150E333-8FDC-42A3-9474-1A3956D46DE8}") = "DemoSolution", "DemoSolution", "{F66D4597-D381-46F2-A8D9-34A39E882F89}"
EndProject
Project("{FAE04EC0-301F-11D3-BF4B-00C04F79EFBC}") = "Demo-Sql.API", "Demo-Sql.API\Demo-Sql.API.csproj", "{13C0D4A8-8968-464F-AA10-1C3BEBCB9AAB}"
EndProject
Project("{FAE04EC0-301F-11D3-BF4B-00C04F79EFBC}") = "Demo-MySql.API", "Demo-MySql.API\Demo-MySql.API.csproj", "{2638CDBA-E237-4DDD-AAF7-606601AA79C2}"
EndProject
Project("{FAE04EC0-301F-11D3-BF4B-00C04F79EFBC}") = "Demo.Db", "Demo.Db\Demo.Db.csproj", "{0460DEE8-48DC-4516-BB0C-D0C8B36BDDD3}"
EndProject
Project("{FAE04EC0-301F-11D3-BF4B-00C04F79EFBC}") = "Demo.Repository", "Demo.Repository\Demo.Repository.csproj", "{265702F9-376F-444C-B83F-AFA998BDA95C}"
EndProject
Project("{FAE04EC0-301F-11D3-BF4B-00C04F79EFBC}") = "Demo.Service", "Demo.Service\Demo.Service.csproj", "{0984824E-C061-445B-9CE1-82E1DC7D87D3}"
EndProject
Project("{FAE04EC0-301F-11D3-BF4B-00C04F79EFBC}") = "Demo.Dto", "Demo.Dto\Demo.Dto.csproj", "{2B254E81-EC93-4B20-8D34-F37049D944D3}"
EndProject
Global
	GlobalSection(SolutionConfigurationPlatforms) = preSolution
		Debug|Any CPU = Debug|Any CPU
		Release|Any CPU = Release|Any CPU
	EndGlobalSection
	GlobalSection(ProjectConfigurationPlatforms) = postSolution
		{28752E10-3680-450D-9336-51AB92DA3898}.Debug|Any CPU.ActiveCfg = Debug|Any CPU
		{28752E10-3680-450D-9336-51AB92DA3898}.Debug|Any CPU.Build.0 = Debug|Any CPU
		{28752E10-3680-450D-9336-51AB92DA3898}.Release|Any CPU.ActiveCfg = Release|Any CPU
		{28752E10-3680-450D-9336-51AB92DA3898}.Release|Any CPU.Build.0 = Release|Any CPU
		{13C0D4A8-8968-464F-AA10-1C3BEBCB9AAB}.Debug|Any CPU.ActiveCfg = Debug|Any CPU
		{13C0D4A8-8968-464F-AA10-1C3BEBCB9AAB}.Debug|Any CPU.Build.0 = Debug|Any CPU
		{13C0D4A8-8968-464F-AA10-1C3BEBCB9AAB}.Release|Any CPU.ActiveCfg = Release|Any CPU
		{13C0D4A8-8968-464F-AA10-1C3BEBCB9AAB}.Release|Any CPU.Build.0 = Release|Any CPU
		{2638CDBA-E237-4DDD-AAF7-606601AA79C2}.Debug|Any CPU.ActiveCfg = Debug|Any CPU
		{2638CDBA-E237-4DDD-AAF7-606601AA79C2}.Debug|Any CPU.Build.0 = Debug|Any CPU
		{2638CDBA-E237-4DDD-AAF7-606601AA79C2}.Release|Any CPU.ActiveCfg = Release|Any CPU
		{2638CDBA-E237-4DDD-AAF7-606601AA79C2}.Release|Any CPU.Build.0 = Release|Any CPU
		{0460DEE8-48DC-4516-BB0C-D0C8B36BDDD3}.Debug|Any CPU.ActiveCfg = Debug|Any CPU
		{0460DEE8-48DC-4516-BB0C-D0C8B36BDDD3}.Debug|Any CPU.Build.0 = Debug|Any CPU
		{0460DEE8-48DC-4516-BB0C-D0C8B36BDDD3}.Release|Any CPU.ActiveCfg = Release|Any CPU
		{0460DEE8-48DC-4516-BB0C-D0C8B36BDDD3}.Release|Any CPU.Build.0 = Release|Any CPU
		{265702F9-376F-444C-B83F-AFA998BDA95C}.Debug|Any CPU.ActiveCfg = Debug|Any CPU
		{265702F9-376F-444C-B83F-AFA998BDA95C}.Debug|Any CPU.Build.0 = Debug|Any CPU
		{265702F9-376F-444C-B83F-AFA998BDA95C}.Release|Any CPU.ActiveCfg = Release|Any CPU
		{265702F9-376F-444C-B83F-AFA998BDA95C}.Release|Any CPU.Build.0 = Release|Any CPU
		{0984824E-C061-445B-9CE1-82E1DC7D87D3}.Debug|Any CPU.ActiveCfg = Debug|Any CPU
		{0984824E-C061-445B-9CE1-82E1DC7D87D3}.Debug|Any CPU.Build.0 = Debug|Any CPU
		{0984824E-C061-445B-9CE1-82E1DC7D87D3}.Release|Any CPU.ActiveCfg = Release|Any CPU
		{0984824E-C061-445B-9CE1-82E1DC7D87D3}.Release|Any CPU.Build.0 = Release|Any CPU
		{2B254E81-EC93-4B20-8D34-F37049D944D3}.Debug|Any CPU.ActiveCfg = Debug|Any CPU
		{2B254E81-EC93-4B20-8D34-F37049D944D3}.Debug|Any CPU.Build.0 = Debug|Any CPU
		{2B254E81-EC93-4B20-8D34-F37049D944D3}.Release|Any CPU.ActiveCfg = Release|Any CPU
		{2B254E81-EC93-4B20-8D34-F37049D944D3}.Release|Any CPU.Build.0 = Release|Any CPU
	EndGlobalSection
	GlobalSection(SolutionProperties) = preSolution
		HideSolutionNode = FALSE
	EndGlobalSection
	GlobalSection(NestedProjects) = preSolution
		{13C0D4A8-8968-464F-AA10-1C3BEBCB9AAB} = {F66D4597-D381-46F2-A8D9-34A39E882F89}
		{2638CDBA-E237-4DDD-AAF7-606601AA79C2} = {F66D4597-D381-46F2-A8D9-34A39E882F89}
		{0460DEE8-48DC-4516-BB0C-D0C8B36BDDD3} = {F66D4597-D381-46F2-A8D9-34A39E882F89}
		{265702F9-376F-444C-B83F-AFA998BDA95C} = {F66D4597-D381-46F2-A8D9-34A39E882F89}
		{0984824E-C061-445B-9CE1-82E1DC7D87D3} = {F66D4597-D381-46F2-A8D9-34A39E882F89}
		{2B254E81-EC93-4B20-8D34-F37049D944D3} = {F66D4597-D381-46F2-A8D9-34A39E882F89}
	EndGlobalSection
	GlobalSection(ExtensibilityGlobals) = postSolution
		SolutionGuid = {5A2B65EB-B7D0-4438-B473-BF3ACCD2B170}
	EndGlobalSection
EndGlobal
