
Microsoft Visual Studio Solution File, Format Version 12.00
# Visual Studio Version 17
VisualStudioVersion = 17.6.33723.286
MinimumVisualStudioVersion = 10.0.40219.1
Project("{9A19103F-16F7-4668-BE54-9A1E7A4F7556}") = "DbManager", "DbManager\DbManager.csproj", "{28752E10-3680-450D-9336-51AB92DA3898}"
EndProject
Project("{9A19103F-16F7-4668-BE54-9A1E7A4F7556}") = "TestWebAPI", "TestWebAPi\TestWebAPI.csproj", "{713E21D9-FBF0-4012-9C4A-5E38F6D8176E}"
EndProject
Project("{FAE04EC0-301F-11D3-BF4B-00C04F79EFBC}") = "App.Db", "App.Db\App.Db.csproj", "{C0EDB9BE-A2D8-4A5E-AD8D-C722177EAFE7}"
EndProject
Project("{FAE04EC0-301F-11D3-BF4B-00C04F79EFBC}") = "Demo.API", "Demo.API\Demo.API.csproj", "{4E96ADCA-172F-41CE-9C6F-9C8B26AF68C9}"
EndProject
Project("{FAE04EC0-301F-11D3-BF4B-00C04F79EFBC}") = "App.Repository", "App.Repository\App.Repository.csproj", "{F99559BB-6BCE-4E01-A6B5-50578C6DD57D}"
EndProject
Project("{FAE04EC0-301F-11D3-BF4B-00C04F79EFBC}") = "App.Service", "App.Service\App.Service.csproj", "{86792542-71DE-4A07-AA06-42FB4E71E50F}"
EndProject
Project("{FAE04EC0-301F-11D3-BF4B-00C04F79EFBC}") = "App.Dto", "App.Dto\App.Dto.csproj", "{A2C22927-A4E4-4847-861E-F69A87138B97}"
EndProject
Global
	GlobalSection(SolutionConfigurationPlatforms) = preSolution
		Debug|Any CPU = Debug|Any CPU
		Release|Any CPU = Release|Any CPU
	EndGlobalSection
	GlobalSection(ProjectConfigurationPlatforms) = postSolution
		{28752E10-3680-450D-9336-51AB92DA3898}.Debug|Any CPU.ActiveCfg = Debug|Any CPU
		{28752E10-3680-450D-9336-51AB92DA3898}.Debug|Any CPU.Build.0 = Debug|Any CPU
		{28752E10-3680-450D-9336-51AB92DA3898}.Release|Any CPU.ActiveCfg = Release|Any CPU
		{28752E10-3680-450D-9336-51AB92DA3898}.Release|Any CPU.Build.0 = Release|Any CPU
		{713E21D9-FBF0-4012-9C4A-5E38F6D8176E}.Debug|Any CPU.ActiveCfg = Debug|Any CPU
		{713E21D9-FBF0-4012-9C4A-5E38F6D8176E}.Debug|Any CPU.Build.0 = Debug|Any CPU
		{713E21D9-FBF0-4012-9C4A-5E38F6D8176E}.Release|Any CPU.ActiveCfg = Release|Any CPU
		{713E21D9-FBF0-4012-9C4A-5E38F6D8176E}.Release|Any CPU.Build.0 = Release|Any CPU
		{C0EDB9BE-A2D8-4A5E-AD8D-C722177EAFE7}.Debug|Any CPU.ActiveCfg = Debug|Any CPU
		{C0EDB9BE-A2D8-4A5E-AD8D-C722177EAFE7}.Debug|Any CPU.Build.0 = Debug|Any CPU
		{C0EDB9BE-A2D8-4A5E-AD8D-C722177EAFE7}.Release|Any CPU.ActiveCfg = Release|Any CPU
		{C0EDB9BE-A2D8-4A5E-AD8D-C722177EAFE7}.Release|Any CPU.Build.0 = Release|Any CPU
		{4E96ADCA-172F-41CE-9C6F-9C8B26AF68C9}.Debug|Any CPU.ActiveCfg = Debug|Any CPU
		{4E96ADCA-172F-41CE-9C6F-9C8B26AF68C9}.Debug|Any CPU.Build.0 = Debug|Any CPU
		{4E96ADCA-172F-41CE-9C6F-9C8B26AF68C9}.Release|Any CPU.ActiveCfg = Release|Any CPU
		{4E96ADCA-172F-41CE-9C6F-9C8B26AF68C9}.Release|Any CPU.Build.0 = Release|Any CPU
		{F99559BB-6BCE-4E01-A6B5-50578C6DD57D}.Debug|Any CPU.ActiveCfg = Debug|Any CPU
		{F99559BB-6BCE-4E01-A6B5-50578C6DD57D}.Debug|Any CPU.Build.0 = Debug|Any CPU
		{F99559BB-6BCE-4E01-A6B5-50578C6DD57D}.Release|Any CPU.ActiveCfg = Release|Any CPU
		{F99559BB-6BCE-4E01-A6B5-50578C6DD57D}.Release|Any CPU.Build.0 = Release|Any CPU
		{86792542-71DE-4A07-AA06-42FB4E71E50F}.Debug|Any CPU.ActiveCfg = Debug|Any CPU
		{86792542-71DE-4A07-AA06-42FB4E71E50F}.Debug|Any CPU.Build.0 = Debug|Any CPU
		{86792542-71DE-4A07-AA06-42FB4E71E50F}.Release|Any CPU.ActiveCfg = Release|Any CPU
		{86792542-71DE-4A07-AA06-42FB4E71E50F}.Release|Any CPU.Build.0 = Release|Any CPU
		{A2C22927-A4E4-4847-861E-F69A87138B97}.Debug|Any CPU.ActiveCfg = Debug|Any CPU
		{A2C22927-A4E4-4847-861E-F69A87138B97}.Debug|Any CPU.Build.0 = Debug|Any CPU
		{A2C22927-A4E4-4847-861E-F69A87138B97}.Release|Any CPU.ActiveCfg = Release|Any CPU
		{A2C22927-A4E4-4847-861E-F69A87138B97}.Release|Any CPU.Build.0 = Release|Any CPU
	EndGlobalSection
	GlobalSection(SolutionProperties) = preSolution
		HideSolutionNode = FALSE
	EndGlobalSection
	GlobalSection(ExtensibilityGlobals) = postSolution
		SolutionGuid = {5A2B65EB-B7D0-4438-B473-BF3ACCD2B170}
	EndGlobalSection
EndGlobal
